
Microsoft Visual Studio Solution File, Format Version 12.00
# Visual Studio Version 16
VisualStudioVersion = 16.0.31112.23
MinimumVisualStudioVersion = 10.0.40219.1
Project("{FAE04EC0-301F-11D3-BF4B-00C04F79EFBC}") = "VSX Nova Reader", "VSX Nova Reader.csproj", "{105F111E-C76D-43C9-9B0D-B51D6317FB39}"
EndProject
Global
	GlobalSection(SolutionConfigurationPlatforms) = preSolution
		Debug|Any CPU = Debug|Any CPU
		Release|Any CPU = Release|Any CPU
	EndGlobalSection
	GlobalSection(ProjectConfigurationPlatforms) = postSolution
		{105F111E-C76D-43C9-9B0D-B51D6317FB39}.Debug|Any CPU.ActiveCfg = Debug|Any CPU
		{105F111E-C76D-43C9-9B0D-B51D6317FB39}.Debug|Any CPU.Build.0 = Debug|Any CPU
		{105F111E-C76D-43C9-9B0D-B51D6317FB39}.Release|Any CPU.ActiveCfg = Release|Any CPU
		{105F111E-C76D-43C9-9B0D-B51D6317FB39}.Release|Any CPU.Build.0 = Release|Any CPU
	EndGlobalSection
	GlobalSection(SolutionProperties) = preSolution
		HideSolutionNode = FALSE
	EndGlobalSection
	GlobalSection(ExtensibilityGlobals) = postSolution
		SolutionGuid = {538C15DD-71F1-494D-B6EE-CC990E7A1A81}
	EndGlobalSection
EndGlobal
